
Microsoft Visual Studio Solution File, Format Version 12.00
# Visual Studio Version 17
VisualStudioVersion = 17.11.35312.102
MinimumVisualStudioVersion = 10.0.40219.1
Project("{FAE04EC0-301F-11D3-BF4B-00C04F79EFBC}") = "EjercicioJavaScriptFetch1", "EjercicioJavaScriptFetch1\EjercicioJavaScriptFetch1.csproj", "{328AD718-BA77-4AB4-8A84-66A14A61A7FC}"
EndProject
Global
	GlobalSection(SolutionConfigurationPlatforms) = preSolution
		Debug|Any CPU = Debug|Any CPU
		Release|Any CPU = Release|Any CPU
	EndGlobalSection
	GlobalSection(ProjectConfigurationPlatforms) = postSolution
		{328AD718-BA77-4AB4-8A84-66A14A61A7FC}.Debug|Any CPU.ActiveCfg = Debug|Any CPU
		{328AD718-BA77-4AB4-8A84-66A14A61A7FC}.Debug|Any CPU.Build.0 = Debug|Any CPU
		{328AD718-BA77-4AB4-8A84-66A14A61A7FC}.Release|Any CPU.ActiveCfg = Release|Any CPU
		{328AD718-BA77-4AB4-8A84-66A14A61A7FC}.Release|Any CPU.Build.0 = Release|Any CPU
	EndGlobalSection
	GlobalSection(SolutionProperties) = preSolution
		HideSolutionNode = FALSE
	EndGlobalSection
	GlobalSection(ExtensibilityGlobals) = postSolution
		SolutionGuid = {993436B8-A157-455E-8A75-75B5AB5B8870}
	EndGlobalSection
EndGlobal
